
Microsoft Visual Studio Solution File, Format Version 12.00
# Visual Studio Version 16
VisualStudioVersion = 16.0.29411.108
MinimumVisualStudioVersion = 10.0.40219.1
Project("{FAE04EC0-301F-11D3-BF4B-00C04F79EFBC}") = "Shakesperian insult generator", "Shakesperian insult generator\Shakesperian insult generator.csproj", "{2E2A5BA9-F4D4-4D05-B545-76659D7628B7}"
EndProject
Global
	GlobalSection(SolutionConfigurationPlatforms) = preSolution
		Debug|Any CPU = Debug|Any CPU
		Release|Any CPU = Release|Any CPU
	EndGlobalSection
	GlobalSection(ProjectConfigurationPlatforms) = postSolution
		{2E2A5BA9-F4D4-4D05-B545-76659D7628B7}.Debug|Any CPU.ActiveCfg = Debug|Any CPU
		{2E2A5BA9-F4D4-4D05-B545-76659D7628B7}.Debug|Any CPU.Build.0 = Debug|Any CPU
		{2E2A5BA9-F4D4-4D05-B545-76659D7628B7}.Release|Any CPU.ActiveCfg = Release|Any CPU
		{2E2A5BA9-F4D4-4D05-B545-76659D7628B7}.Release|Any CPU.Build.0 = Release|Any CPU
	EndGlobalSection
	GlobalSection(SolutionProperties) = preSolution
		HideSolutionNode = FALSE
	EndGlobalSection
	GlobalSection(ExtensibilityGlobals) = postSolution
		SolutionGuid = {BF44EDD7-891B-4BFD-9EF3-A5B648E4DEF1}
	EndGlobalSection
EndGlobal
